
Microsoft Visual Studio Solution File, Format Version 12.00
# Visual Studio Version 16
VisualStudioVersion = 16.0.31105.61
MinimumVisualStudioVersion = 10.0.40219.1
Project("{FAE04EC0-301F-11D3-BF4B-00C04F79EFBC}") = "Class_Object", "Class_Object\Class_Object.csproj", "{D5E7D703-49CE-400D-9D52-F0F818A7C89F}"
EndProject
Project("{FAE04EC0-301F-11D3-BF4B-00C04F79EFBC}") = "HRMSApp", "HRMSApp\HRMSApp.csproj", "{D789E54B-9D55-4FE0-852E-17D426E3E3F1}"
EndProject
Global
	GlobalSection(SolutionConfigurationPlatforms) = preSolution
		Debug|Any CPU = Debug|Any CPU
		Release|Any CPU = Release|Any CPU
	EndGlobalSection
	GlobalSection(ProjectConfigurationPlatforms) = postSolution
		{D5E7D703-49CE-400D-9D52-F0F818A7C89F}.Debug|Any CPU.ActiveCfg = Debug|Any CPU
		{D5E7D703-49CE-400D-9D52-F0F818A7C89F}.Debug|Any CPU.Build.0 = Debug|Any CPU
		{D5E7D703-49CE-400D-9D52-F0F818A7C89F}.Release|Any CPU.ActiveCfg = Release|Any CPU
		{D5E7D703-49CE-400D-9D52-F0F818A7C89F}.Release|Any CPU.Build.0 = Release|Any CPU
		{D789E54B-9D55-4FE0-852E-17D426E3E3F1}.Debug|Any CPU.ActiveCfg = Debug|Any CPU
		{D789E54B-9D55-4FE0-852E-17D426E3E3F1}.Debug|Any CPU.Build.0 = Debug|Any CPU
		{D789E54B-9D55-4FE0-852E-17D426E3E3F1}.Release|Any CPU.ActiveCfg = Release|Any CPU
		{D789E54B-9D55-4FE0-852E-17D426E3E3F1}.Release|Any CPU.Build.0 = Release|Any CPU
	EndGlobalSection
	GlobalSection(SolutionProperties) = preSolution
		HideSolutionNode = FALSE
	EndGlobalSection
	GlobalSection(ExtensibilityGlobals) = postSolution
		SolutionGuid = {A359A7F8-9D86-4750-9F7E-AE09F014DBD1}
	EndGlobalSection
EndGlobal
