
Microsoft Visual Studio Solution File, Format Version 12.00
# Visual Studio Version 16
VisualStudioVersion = 16.0.31105.61
MinimumVisualStudioVersion = 10.0.40219.1
Project("{FAE04EC0-301F-11D3-BF4B-00C04F79EFBC}") = "GenericTypes", "GenericTypes\GenericTypes.csproj", "{F6F55974-A379-4E8C-A826-6FF5121C2CC6}"
EndProject
Project("{FAE04EC0-301F-11D3-BF4B-00C04F79EFBC}") = "GenericCollectionClasses", "GenericCollectionClasses\GenericCollectionClasses.csproj", "{BF1BCC12-3063-49A8-AB46-377B47E42E6E}"
EndProject
Global
	GlobalSection(SolutionConfigurationPlatforms) = preSolution
		Debug|Any CPU = Debug|Any CPU
		Release|Any CPU = Release|Any CPU
	EndGlobalSection
	GlobalSection(ProjectConfigurationPlatforms) = postSolution
		{F6F55974-A379-4E8C-A826-6FF5121C2CC6}.Debug|Any CPU.ActiveCfg = Debug|Any CPU
		{F6F55974-A379-4E8C-A826-6FF5121C2CC6}.Debug|Any CPU.Build.0 = Debug|Any CPU
		{F6F55974-A379-4E8C-A826-6FF5121C2CC6}.Release|Any CPU.ActiveCfg = Release|Any CPU
		{F6F55974-A379-4E8C-A826-6FF5121C2CC6}.Release|Any CPU.Build.0 = Release|Any CPU
		{BF1BCC12-3063-49A8-AB46-377B47E42E6E}.Debug|Any CPU.ActiveCfg = Debug|Any CPU
		{BF1BCC12-3063-49A8-AB46-377B47E42E6E}.Debug|Any CPU.Build.0 = Debug|Any CPU
		{BF1BCC12-3063-49A8-AB46-377B47E42E6E}.Release|Any CPU.ActiveCfg = Release|Any CPU
		{BF1BCC12-3063-49A8-AB46-377B47E42E6E}.Release|Any CPU.Build.0 = Release|Any CPU
	EndGlobalSection
	GlobalSection(SolutionProperties) = preSolution
		HideSolutionNode = FALSE
	EndGlobalSection
	GlobalSection(ExtensibilityGlobals) = postSolution
		SolutionGuid = {40AA7A44-0625-4414-915D-3E92952DB758}
	EndGlobalSection
EndGlobal
