
Microsoft Visual Studio Solution File, Format Version 12.00
# Visual Studio Version 16
VisualStudioVersion = 16.0.31105.61
MinimumVisualStudioVersion = 10.0.40219.1
Project("{FAE04EC0-301F-11D3-BF4B-00C04F79EFBC}") = "CtorExecutionandBaseKeyword", "CtorExecutionandBaseKeyword\CtorExecutionandBaseKeyword.csproj", "{B1194326-78DE-4B4A-AA94-94A6D1CFEC4F}"
EndProject
Global
	GlobalSection(SolutionConfigurationPlatforms) = preSolution
		Debug|Any CPU = Debug|Any CPU
		Release|Any CPU = Release|Any CPU
	EndGlobalSection
	GlobalSection(ProjectConfigurationPlatforms) = postSolution
		{B1194326-78DE-4B4A-AA94-94A6D1CFEC4F}.Debug|Any CPU.ActiveCfg = Debug|Any CPU
		{B1194326-78DE-4B4A-AA94-94A6D1CFEC4F}.Debug|Any CPU.Build.0 = Debug|Any CPU
		{B1194326-78DE-4B4A-AA94-94A6D1CFEC4F}.Release|Any CPU.ActiveCfg = Release|Any CPU
		{B1194326-78DE-4B4A-AA94-94A6D1CFEC4F}.Release|Any CPU.Build.0 = Release|Any CPU
	EndGlobalSection
	GlobalSection(SolutionProperties) = preSolution
		HideSolutionNode = FALSE
	EndGlobalSection
	GlobalSection(ExtensibilityGlobals) = postSolution
		SolutionGuid = {B1366D9B-58F5-4DB3-8385-D3EF1B2780F1}
	EndGlobalSection
EndGlobal
