
Microsoft Visual Studio Solution File, Format Version 12.00
# Visual Studio Version 16
VisualStudioVersion = 16.0.31105.61
MinimumVisualStudioVersion = 10.0.40219.1
Project("{FAE04EC0-301F-11D3-BF4B-00C04F79EFBC}") = "HRMSAPP.Entities", "HRMSAPP.Entities\HRMSAPP.Entities.csproj", "{FB2B161D-0FBE-4F21-8AF0-C8C66638D15D}"
EndProject
Project("{FAE04EC0-301F-11D3-BF4B-00C04F79EFBC}") = "HRMSAPP.UserInterface", "HRMSAPP.UserInterface\HRMSAPP.UserInterface.csproj", "{2B01BA31-6806-46AE-BB83-052E90AD5C3E}"
EndProject
Global
	GlobalSection(SolutionConfigurationPlatforms) = preSolution
		Debug|Any CPU = Debug|Any CPU
		Release|Any CPU = Release|Any CPU
	EndGlobalSection
	GlobalSection(ProjectConfigurationPlatforms) = postSolution
		{FB2B161D-0FBE-4F21-8AF0-C8C66638D15D}.Debug|Any CPU.ActiveCfg = Debug|Any CPU
		{FB2B161D-0FBE-4F21-8AF0-C8C66638D15D}.Debug|Any CPU.Build.0 = Debug|Any CPU
		{FB2B161D-0FBE-4F21-8AF0-C8C66638D15D}.Release|Any CPU.ActiveCfg = Release|Any CPU
		{FB2B161D-0FBE-4F21-8AF0-C8C66638D15D}.Release|Any CPU.Build.0 = Release|Any CPU
		{2B01BA31-6806-46AE-BB83-052E90AD5C3E}.Debug|Any CPU.ActiveCfg = Debug|Any CPU
		{2B01BA31-6806-46AE-BB83-052E90AD5C3E}.Debug|Any CPU.Build.0 = Debug|Any CPU
		{2B01BA31-6806-46AE-BB83-052E90AD5C3E}.Release|Any CPU.ActiveCfg = Release|Any CPU
		{2B01BA31-6806-46AE-BB83-052E90AD5C3E}.Release|Any CPU.Build.0 = Release|Any CPU
	EndGlobalSection
	GlobalSection(SolutionProperties) = preSolution
		HideSolutionNode = FALSE
	EndGlobalSection
	GlobalSection(ExtensibilityGlobals) = postSolution
		SolutionGuid = {8A1D4456-216D-4F28-AD7E-8D236550FD67}
	EndGlobalSection
EndGlobal
