
Microsoft Visual Studio Solution File, Format Version 12.00
# Visual Studio Version 16
VisualStudioVersion = 16.0.31105.61
MinimumVisualStudioVersion = 10.0.40219.1
Project("{FAE04EC0-301F-11D3-BF4B-00C04F79EFBC}") = "AbstractDemo", "AbstractDemo\AbstractDemo.csproj", "{89521AF4-F9DB-42DD-A10F-2ED40566B38C}"
EndProject
Global
	GlobalSection(SolutionConfigurationPlatforms) = preSolution
		Debug|Any CPU = Debug|Any CPU
		Release|Any CPU = Release|Any CPU
	EndGlobalSection
	GlobalSection(ProjectConfigurationPlatforms) = postSolution
		{89521AF4-F9DB-42DD-A10F-2ED40566B38C}.Debug|Any CPU.ActiveCfg = Debug|Any CPU
		{89521AF4-F9DB-42DD-A10F-2ED40566B38C}.Debug|Any CPU.Build.0 = Debug|Any CPU
		{89521AF4-F9DB-42DD-A10F-2ED40566B38C}.Release|Any CPU.ActiveCfg = Release|Any CPU
		{89521AF4-F9DB-42DD-A10F-2ED40566B38C}.Release|Any CPU.Build.0 = Release|Any CPU
	EndGlobalSection
	GlobalSection(SolutionProperties) = preSolution
		HideSolutionNode = FALSE
	EndGlobalSection
	GlobalSection(ExtensibilityGlobals) = postSolution
		SolutionGuid = {7A7500FD-0843-4FE3-81EC-C4A85FB1E703}
	EndGlobalSection
EndGlobal
